PODS:
  - Alamofire (4.0.1)
  - Kingfisher (4.10.1)

DEPENDENCIES:
  - Alamofire (~> 4.0.1)
  - Kingfisher

SPEC REPOS:
  https://github.com/cocoapods/specs.git:
    - Alamofire
    - Kingfisher

SPEC CHECKSUMS:
  Alamofire: 7682d43245de14874acd142ec137b144aa1dd335
  Kingfisher: c148cd7b47ebde9989f6bc7c27dcaa79d81279a0

PODFILE CHECKSUM: d257a58a44207063ef33738037eb3f60436bb013

COCOAPODS: 1.5.3
